// !$*UTF8*$!
{
	archiveVersion = 1;
	classes = {
	};
	objectVersion = 46;
	objects = {

/* Begin PBXBuildFile section */
		0E5E254E19B5586C00C9D243 /* Foundation.framework in Frameworks */ = {isa = PBXBuildFile; fileRef = 0E5E254D19B5586C00C9D243 /* Foundation.framework */; };
		0E5E255C19B5586C00C9D243 /* XCTest.framework in Frameworks */ = {isa = PBXBuildFile; fileRef = 0E5E255B19B5586C00C9D243 /* XCTest.framework */; };
		0E5E255D19B5586C00C9D243 /* Foundation.framework in Frameworks */ = {isa = PBXBuildFile; fileRef = 0E5E254D19B5586C00C9D243 /* Foundation.framework */; };
		0E5E255F19B5586C00C9D243 /* UIKit.framework in Frameworks */ = {isa = PBXBuildFile; fileRef = 0E5E255E19B5586C00C9D243 /* UIKit.framework */; };
		0E5E256219B5586C00C9D243 /* libPubTools.a in Frameworks */ = {isa = PBXBuildFile; fileRef = 0E5E254A19B5586C00C9D243 /* libPubTools.a */; };
		0E5E256819B5586C00C9D243 /* InfoPlist.strings in Resources */ = {isa = PBXBuildFile; fileRef = 0E5E256619B5586C00C9D243 /* InfoPlist.strings */; };
		0E5E256A19B5586C00C9D243 /* PubToolsTests.m in Sources */ = {isa = PBXBuildFile; fileRef = 0E5E256919B5586C00C9D243 /* PubToolsTests.m */; };
		0E5E258719B55BA000C9D243 /* GlobalConfigTest.m in Sources */ = {isa = PBXBuildFile; fileRef = 0E5E258619B55BA000C9D243 /* GlobalConfigTest.m */; };
		0E636A2D1A6DEB7600345C56 /* CoreLocation.framework in Frameworks */ = {isa = PBXBuildFile; fileRef = 0E636A2C1A6DEB7600345C56 /* CoreLocation.framework */; };
		0E786CE01C0602A9004232E7 /* PTNavigationController.m in Sources */ = {isa = PBXBuildFile; fileRef = 0E786CDF1C0602A9004232E7 /* PTNavigationController.m */; };
		0EAE65DF1C291F4200392B31 /* PTTextField.m in Sources */ = {isa = PBXBuildFile; fileRef = 0EAE65DE1C291F4200392B31 /* PTTextField.m */; settings = {ASSET_TAGS = (); }; };
		0EEEE2B01C05EC7800A367F5 /* NSDictionary+Helper.m in Sources */ = {isa = PBXBuildFile; fileRef = 0EEEE2231C05EC7800A367F5 /* NSDictionary+Helper.m */; };
		0EEEE2B11C05EC7800A367F5 /* NSObject+ARC.m in Sources */ = {isa = PBXBuildFile; fileRef = 0EEEE2251C05EC7800A367F5 /* NSObject+ARC.m */; };
		0EEEE2B21C05EC7800A367F5 /* NSString+Helper.m in Sources */ = {isa = PBXBuildFile; fileRef = 0EEEE2271C05EC7800A367F5 /* NSString+Helper.m */; };
		0EEEE2B31C05EC7800A367F5 /* UIImage+Helper.m in Sources */ = {isa = PBXBuildFile; fileRef = 0EEEE2291C05EC7800A367F5 /* UIImage+Helper.m */; };
		0EEEE2B41C05EC7800A367F5 /* FMDatabase.m in Sources */ = {isa = PBXBuildFile; fileRef = 0EEEE22D1C05EC7800A367F5 /* FMDatabase.m */; };
		0EEEE2B51C05EC7800A367F5 /* FMDatabaseAdditions.m in Sources */ = {isa = PBXBuildFile; fileRef = 0EEEE22F1C05EC7800A367F5 /* FMDatabaseAdditions.m */; };
		0EEEE2B61C05EC7800A367F5 /* FMDatabasePool.m in Sources */ = {isa = PBXBuildFile; fileRef = 0EEEE2311C05EC7800A367F5 /* FMDatabasePool.m */; };
		0EEEE2B71C05EC7800A367F5 /* FMDatabaseQueue.m in Sources */ = {isa = PBXBuildFile; fileRef = 0EEEE2331C05EC7800A367F5 /* FMDatabaseQueue.m */; };
		0EEEE2B81C05EC7800A367F5 /* FMResultSet.m in Sources */ = {isa = PBXBuildFile; fileRef = 0EEEE2361C05EC7800A367F5 /* FMResultSet.m */; };
		0EEEE2B91C05EC7800A367F5 /* PBDataModel.m in Sources */ = {isa = PBXBuildFile; fileRef = 0EEEE2381C05EC7800A367F5 /* PBDataModel.m */; };
		0EEEE2BA1C05EC7800A367F5 /* PBDataStorage.m in Sources */ = {isa = PBXBuildFile; fileRef = 0EEEE23A1C05EC7800A367F5 /* PBDataStorage.m */; };
		0EEEE2BB1C05EC7800A367F5 /* GlobalConfig.m in Sources */ = {isa = PBXBuildFile; fileRef = 0EEEE23D1C05EC7800A367F5 /* GlobalConfig.m */; };
		0EEEE2BC1C05EC7800A367F5 /* PTLock.m in Sources */ = {isa = PBXBuildFile; fileRef = 0EEEE23F1C05EC7800A367F5 /* PTLock.m */; };
		0EEEE2BD1C05EC7800A367F5 /* PTSerialize.m in Sources */ = {isa = PBXBuildFile; fileRef = 0EEEE2411C05EC7800A367F5 /* PTSerialize.m */; };
		0EEEE2BF1C05EC7800A367F5 /* PTTableViewCell.m in Sources */ = {isa = PBXBuildFile; fileRef = 0EEEE2471C05EC7800A367F5 /* PTTableViewCell.m */; };
		0EEEE2C01C05EC7800A367F5 /* PTTableViewController.m in Sources */ = {isa = PBXBuildFile; fileRef = 0EEEE2491C05EC7800A367F5 /* PTTableViewController.m */; };
		0EEEE2C11C05EC7800A367F5 /* AFHTTPRequestOperation.m in Sources */ = {isa = PBXBuildFile; fileRef = 0EEEE24D1C05EC7800A367F5 /* AFHTTPRequestOperation.m */; };
		0EEEE2C21C05EC7800A367F5 /* AFHTTPRequestOperationManager.m in Sources */ = {isa = PBXBuildFile; fileRef = 0EEEE24F1C05EC7800A367F5 /* AFHTTPRequestOperationManager.m */; };
		0EEEE2C31C05EC7800A367F5 /* AFHTTPSessionManager.m in Sources */ = {isa = PBXBuildFile; fileRef = 0EEEE2511C05EC7800A367F5 /* AFHTTPSessionManager.m */; };
		0EEEE2C41C05EC7800A367F5 /* AFNetworkReachabilityManager.m in Sources */ = {isa = PBXBuildFile; fileRef = 0EEEE2541C05EC7800A367F5 /* AFNetworkReachabilityManager.m */; };
		0EEEE2C51C05EC7800A367F5 /* AFSecurityPolicy.m in Sources */ = {isa = PBXBuildFile; fileRef = 0EEEE2561C05EC7800A367F5 /* AFSecurityPolicy.m */; };
		0EEEE2C61C05EC7800A367F5 /* AFURLConnectionOperation.m in Sources */ = {isa = PBXBuildFile; fileRef = 0EEEE2581C05EC7800A367F5 /* AFURLConnectionOperation.m */; };
		0EEEE2C71C05EC7800A367F5 /* AFURLRequestSerialization.m in Sources */ = {isa = PBXBuildFile; fileRef = 0EEEE25A1C05EC7800A367F5 /* AFURLRequestSerialization.m */; };
		0EEEE2C81C05EC7800A367F5 /* AFURLResponseSerialization.m in Sources */ = {isa = PBXBuildFile; fileRef = 0EEEE25C1C05EC7800A367F5 /* AFURLResponseSerialization.m */; };
		0EEEE2C91C05EC7800A367F5 /* AFURLSessionManager.m in Sources */ = {isa = PBXBuildFile; fileRef = 0EEEE25E1C05EC7800A367F5 /* AFURLSessionManager.m */; };
		0EEEE2CA1C05EC7800A367F5 /* SSKeychain.m in Sources */ = {isa = PBXBuildFile; fileRef = 0EEEE2611C05EC7800A367F5 /* SSKeychain.m */; };
		0EEEE2CB1C05EC7800A367F5 /* MASCompositeConstraint.m in Sources */ = {isa = PBXBuildFile; fileRef = 0EEEE2641C05EC7800A367F5 /* MASCompositeConstraint.m */; };
		0EEEE2CC1C05EC7800A367F5 /* MASConstraint.m in Sources */ = {isa = PBXBuildFile; fileRef = 0EEEE2671C05EC7800A367F5 /* MASConstraint.m */; };
		0EEEE2CD1C05EC7800A367F5 /* MASConstraintMaker.m in Sources */ = {isa = PBXBuildFile; fileRef = 0EEEE2691C05EC7800A367F5 /* MASConstraintMaker.m */; };
		0EEEE2CE1C05EC7800A367F5 /* MASLayoutConstraint.m in Sources */ = {isa = PBXBuildFile; fileRef = 0EEEE26B1C05EC7800A367F5 /* MASLayoutConstraint.m */; };
		0EEEE2CF1C05EC7800A367F5 /* MASViewAttribute.m in Sources */ = {isa = PBXBuildFile; fileRef = 0EEEE26F1C05EC7800A367F5 /* MASViewAttribute.m */; };
		0EEEE2D01C05EC7800A367F5 /* MASViewConstraint.m in Sources */ = {isa = PBXBuildFile; fileRef = 0EEEE2711C05EC7800A367F5 /* MASViewConstraint.m */; };
		0EEEE2D11C05EC7800A367F5 /* NSArray+MASAdditions.m in Sources */ = {isa = PBXBuildFile; fileRef = 0EEEE2731C05EC7800A367F5 /* NSArray+MASAdditions.m */; };
		0EEEE2D21C05EC7800A367F5 /* NSLayoutConstraint+MASDebugAdditions.m in Sources */ = {isa = PBXBuildFile; fileRef = 0EEEE2761C05EC7800A367F5 /* NSLayoutConstraint+MASDebugAdditions.m */; };
		0EEEE2D31C05EC7800A367F5 /* View+MASAdditions.m in Sources */ = {isa = PBXBuildFile; fileRef = 0EEEE2781C05EC7800A367F5 /* View+MASAdditions.m */; };
		0EEEE2D41C05EC7800A367F5 /* ViewController+MASAdditions.m in Sources */ = {isa = PBXBuildFile; fileRef = 0EEEE27B1C05EC7800A367F5 /* ViewController+MASAdditions.m */; };
		0EEEE2D51C05EC7800A367F5 /* GCDMulticastDelegate.m in Sources */ = {isa = PBXBuildFile; fileRef = 0EEEE27E1C05EC7800A367F5 /* GCDMulticastDelegate.m */; };
		0EEEE2D61C05EC7800A367F5 /* MKAnnotationView+WebCache.m in Sources */ = {isa = PBXBuildFile; fileRef = 0EEEE2811C05EC7800A367F5 /* MKAnnotationView+WebCache.m */; };
		0EEEE2D71C05EC7800A367F5 /* NSData+ImageContentType.m in Sources */ = {isa = PBXBuildFile; fileRef = 0EEEE2831C05EC7800A367F5 /* NSData+ImageContentType.m */; };
		0EEEE2D81C05EC7800A367F5 /* SDImageCache.m in Sources */ = {isa = PBXBuildFile; fileRef = 0EEEE2851C05EC7800A367F5 /* SDImageCache.m */; };
		0EEEE2D91C05EC7800A367F5 /* SDWebImageCompat.m in Sources */ = {isa = PBXBuildFile; fileRef = 0EEEE2871C05EC7800A367F5 /* SDWebImageCompat.m */; };
		0EEEE2DA1C05EC7800A367F5 /* SDWebImageDecoder.m in Sources */ = {isa = PBXBuildFile; fileRef = 0EEEE2891C05EC7800A367F5 /* SDWebImageDecoder.m */; };
		0EEEE2DB1C05EC7800A367F5 /* SDWebImageDownloader.m in Sources */ = {isa = PBXBuildFile; fileRef = 0EEEE28B1C05EC7800A367F5 /* SDWebImageDownloader.m */; };
		0EEEE2DC1C05EC7800A367F5 /* SDWebImageDownloaderOperation.m in Sources */ = {isa = PBXBuildFile; fileRef = 0EEEE28D1C05EC7800A367F5 /* SDWebImageDownloaderOperation.m */; };
		0EEEE2DD1C05EC7800A367F5 /* SDWebImageManager.m in Sources */ = {isa = PBXBuildFile; fileRef = 0EEEE28F1C05EC7800A367F5 /* SDWebImageManager.m */; };
		0EEEE2DE1C05EC7800A367F5 /* SDWebImagePrefetcher.m in Sources */ = {isa = PBXBuildFile; fileRef = 0EEEE2921C05EC7800A367F5 /* SDWebImagePrefetcher.m */; };
		0EEEE2DF1C05EC7800A367F5 /* UIButton+WebCache.m in Sources */ = {isa = PBXBuildFile; fileRef = 0EEEE2941C05EC7800A367F5 /* UIButton+WebCache.m */; };
		0EEEE2E01C05EC7800A367F5 /* UIImage+GIF.m in Sources */ = {isa = PBXBuildFile; fileRef = 0EEEE2961C05EC7800A367F5 /* UIImage+GIF.m */; };
		0EEEE2E11C05EC7800A367F5 /* UIImage+MultiFormat.m in Sources */ = {isa = PBXBuildFile; fileRef = 0EEEE2981C05EC7800A367F5 /* UIImage+MultiFormat.m */; };
		0EEEE2E21C05EC7800A367F5 /* UIImage+WebP.m in Sources */ = {isa = PBXBuildFile; fileRef = 0EEEE29A1C05EC7800A367F5 /* UIImage+WebP.m */; };
		0EEEE2E31C05EC7800A367F5 /* UIImageView+HighlightedWebCache.m in Sources */ = {isa = PBXBuildFile; fileRef = 0EEEE29C1C05EC7800A367F5 /* UIImageView+HighlightedWebCache.m */; };
		0EEEE2E41C05EC7800A367F5 /* UIImageView+WebCache.m in Sources */ = {isa = PBXBuildFile; fileRef = 0EEEE29E1C05EC7800A367F5 /* UIImageView+WebCache.m */; };
		0EEEE2E51C05EC7800A367F5 /* UIView+WebCacheOperation.m in Sources */ = {isa = PBXBuildFile; fileRef = 0EEEE2A01C05EC7800A367F5 /* UIView+WebCacheOperation.m */; };
		0EEEE2E61C05EC7800A367F5 /* UIScrollView+SVInfiniteScrolling.m in Sources */ = {isa = PBXBuildFile; fileRef = 0EEEE2A41C05EC7800A367F5 /* UIScrollView+SVInfiniteScrolling.m */; };
		0EEEE2E71C05EC7800A367F5 /* UIScrollView+SVPullToRefresh.m in Sources */ = {isa = PBXBuildFile; fileRef = 0EEEE2A61C05EC7800A367F5 /* UIScrollView+SVPullToRefresh.m */; };
		0EEEE2E81C05EC7800A367F5 /* UITableView+FDIndexPathHeightCache.m in Sources */ = {isa = PBXBuildFile; fileRef = 0EEEE2A91C05EC7800A367F5 /* UITableView+FDIndexPathHeightCache.m */; };
		0EEEE2E91C05EC7800A367F5 /* UITableView+FDKeyedHeightCache.m in Sources */ = {isa = PBXBuildFile; fileRef = 0EEEE2AB1C05EC7800A367F5 /* UITableView+FDKeyedHeightCache.m */; };
		0EEEE2EA1C05EC7800A367F5 /* UITableView+FDTemplateLayoutCell.m in Sources */ = {isa = PBXBuildFile; fileRef = 0EEEE2AD1C05EC7800A367F5 /* UITableView+FDTemplateLayoutCell.m */; };
		0EEEE2EB1C05EC7800A367F5 /* UITableView+FDTemplateLayoutCellDebug.m in Sources */ = {isa = PBXBuildFile; fileRef = 0EEEE2AF1C05EC7800A367F5 /* UITableView+FDTemplateLayoutCellDebug.m */; };
		0EEEE2F01C05EDEA00A367F5 /* PTBaseViewController.m in Sources */ = {isa = PBXBuildFile; fileRef = 0EEEE2EF1C05EDEA00A367F5 /* PTBaseViewController.m */; };
		0EEEE2F31C05EE3400A367F5 /* PTToast.m in Sources */ = {isa = PBXBuildFile; fileRef = 0EEEE2F21C05EE3400A367F5 /* PTToast.m */; };
		0EEEE2F71C05F04600A367F5 /* MBProgressHUD.m in Sources */ = {isa = PBXBuildFile; fileRef = 0EEEE2F61C05F04600A367F5 /* MBProgressHUD.m */; };
		0EEFC4241A8B2DD9004E1620 /* MapKit.framework in Frameworks */ = {isa = PBXBuildFile; fileRef = 0EEFC4231A8B2DD9004E1620 /* MapKit.framework */; };
		0EEFC4251A8B2E18004E1620 /* MapKit.framework in Frameworks */ = {isa = PBXBuildFile; fileRef = 0EEFC4231A8B2DD9004E1620 /* MapKit.framework */; };
		0EEFC4261A8B2E1E004E1620 /* CoreLocation.framework in Frameworks */ = {isa = PBXBuildFile; fileRef = 0E636A2C1A6DEB7600345C56 /* CoreLocation.framework */; };
/* End PBXBuildFile section */

/* Begin PBXContainerItemProxy section */
		0E5E256019B5586C00C9D243 /* PBXContainerItemProxy */ = {
			isa = PBXContainerItemProxy;
			containerPortal = 0E5E254219B5586C00C9D243 /* Project object */;
			proxyType = 1;
			remoteGlobalIDString = 0E5E254919B5586C00C9D243;
			remoteInfo = PubTools;
		};
/* End PBXContainerItemProxy section */

/* Begin PBXCopyFilesBuildPhase section */
		0E5E254819B5586C00C9D243 /* CopyFiles */ = {
			isa = PBXCopyFilesBuildPhase;
			buildActionMask = 2147483647;
			dstPath = "include/$(PRODUCT_NAME)";
			dstSubfolderSpec = 16;
			files = (
			);
			runOnlyForDeploymentPostprocessing = 0;
		};
/* End PBXCopyFilesBuildPhase section */

/* Begin PBXFileReference section */
		0E5E254A19B5586C00C9D243 /* libPubTools.a */ = {isa = PBXFileReference; explicitFileType = archive.ar; includeInIndex = 0; path = libPubTools.a; sourceTree = BUILT_PRODUCTS_DIR; };
		0E5E254D19B5586C00C9D243 /* Foundation.framework */ = {isa = PBXFileReference; lastKnownFileType = wrapper.framework; name = Foundation.framework; path = System/Library/Frameworks/Foundation.framework; sourceTree = SDKROOT; };
		0E5E255119B5586C00C9D243 /* PubTools-Prefix.pch */ = {isa = PBXFileReference; lastKnownFileType = sourcecode.c.h; path = "PubTools-Prefix.pch"; sourceTree = "<group>"; };
		0E5E255A19B5586C00C9D243 /* PubToolsTests.xctest */ = {isa = PBXFileReference; explicitFileType = wrapper.cfbundle; includeInIndex = 0; path = PubToolsTests.xctest; sourceTree = BUILT_PRODUCTS_DIR; };
		0E5E255B19B5586C00C9D243 /* XCTest.framework */ = {isa = PBXFileReference; lastKnownFileType = wrapper.framework; name = XCTest.framework; path = Library/Frameworks/XCTest.framework; sourceTree = DEVELOPER_DIR; };
		0E5E255E19B5586C00C9D243 /* UIKit.framework */ = {isa = PBXFileReference; lastKnownFileType = wrapper.framework; name = UIKit.framework; path = Library/Frameworks/UIKit.framework; sourceTree = DEVELOPER_DIR; };
		0E5E256519B5586C00C9D243 /* PubToolsTests-Info.plist */ = {isa = PBXFileReference; lastKnownFileType = text.plist.xml; path = "PubToolsTests-Info.plist"; sourceTree = "<group>"; };
		0E5E256719B5586C00C9D243 /* en */ = {isa = PBXFileReference; lastKnownFileType = text.plist.strings; name = en; path = en.lproj/InfoPlist.strings; sourceTree = "<group>"; };
		0E5E256919B5586C00C9D243 /* PubToolsTests.m */ = {isa = PBXFileReference; lastKnownFileType = sourcecode.c.objc; path = PubToolsTests.m; sourceTree = "<group>"; };
		0E5E258619B55BA000C9D243 /* GlobalConfigTest.m */ = {isa = PBXFileReference; fileEncoding = 4; lastKnownFileType = sourcecode.c.objc; path = GlobalConfigTest.m; sourceTree = "<group>"; };
		0E636A2C1A6DEB7600345C56 /* CoreLocation.framework */ = {isa = PBXFileReference; lastKnownFileType = wrapper.framework; name = CoreLocation.framework; path = System/Library/Frameworks/CoreLocation.framework; sourceTree = SDKROOT; };
		0E786CDE1C0602A9004232E7 /* PTNavigationController.h */ = {isa = PBXFileReference; fileEncoding = 4; lastKnownFileType = sourcecode.c.h; path = PTNavigationController.h; sourceTree = "<group>"; };
		0E786CDF1C0602A9004232E7 /* PTNavigationController.m */ = {isa = PBXFileReference; fileEncoding = 4; lastKnownFileType = sourcecode.c.objc; path = PTNavigationController.m; sourceTree = "<group>"; };
		0EAE65DD1C291F4200392B31 /* PTTextField.h */ = {isa = PBXFileReference; fileEncoding = 4; lastKnownFileType = sourcecode.c.h; path = PTTextField.h; sourceTree = "<group>"; };
		0EAE65DE1C291F4200392B31 /* PTTextField.m */ = {isa = PBXFileReference; fileEncoding = 4; lastKnownFileType = sourcecode.c.objc; path = PTTextField.m; sourceTree = "<group>"; };
		0EEEE2221C05EC7800A367F5 /* NSDictionary+Helper.h */ = {isa = PBXFileReference; fileEncoding = 4; lastKnownFileType = sourcecode.c.h; path = "NSDictionary+Helper.h"; sourceTree = "<group>"; };
		0EEEE2231C05EC7800A367F5 /* NSDictionary+Helper.m */ = {isa = PBXFileReference; fileEncoding = 4; lastKnownFileType = sourcecode.c.objc; path = "NSDictionary+Helper.m"; sourceTree = "<group>"; };
		0EEEE2241C05EC7800A367F5 /* NSObject+ARC.h */ = {isa = PBXFileReference; fileEncoding = 4; lastKnownFileType = sourcecode.c.h; path = "NSObject+ARC.h"; sourceTree = "<group>"; };
		0EEEE2251C05EC7800A367F5 /* NSObject+ARC.m */ = {isa = PBXFileReference; fileEncoding = 4; lastKnownFileType = sourcecode.c.objc; path = "NSObject+ARC.m"; sourceTree = "<group>"; };
		0EEEE2261C05EC7800A367F5 /* NSString+Helper.h */ = {isa = PBXFileReference; fileEncoding = 4; lastKnownFileType = sourcecode.c.h; path = "NSString+Helper.h"; sourceTree = "<group>"; };
		0EEEE2271C05EC7800A367F5 /* NSString+Helper.m */ = {isa = PBXFileReference; fileEncoding = 4; lastKnownFileType = sourcecode.c.objc; path = "NSString+Helper.m"; sourceTree = "<group>"; };
		0EEEE2281C05EC7800A367F5 /* UIImage+Helper.h */ = {isa = PBXFileReference; fileEncoding = 4; lastKnownFileType = sourcecode.c.h; path = "UIImage+Helper.h"; sourceTree = "<group>"; };
		0EEEE2291C05EC7800A367F5 /* UIImage+Helper.m */ = {isa = PBXFileReference; fileEncoding = 4; lastKnownFileType = sourcecode.c.objc; path = "UIImage+Helper.m"; sourceTree = "<group>"; };
		0EEEE22C1C05EC7800A367F5 /* FMDatabase.h */ = {isa = PBXFileReference; fileEncoding = 4; lastKnownFileType = sourcecode.c.h; path = FMDatabase.h; sourceTree = "<group>"; };
		0EEEE22D1C05EC7800A367F5 /* FMDatabase.m */ = {isa = PBXFileReference; fileEncoding = 4; lastKnownFileType = sourcecode.c.objc; path = FMDatabase.m; sourceTree = "<group>"; };
		0EEEE22E1C05EC7800A367F5 /* FMDatabaseAdditions.h */ = {isa = PBXFileReference; fileEncoding = 4; lastKnownFileType = sourcecode.c.h; path = FMDatabaseAdditions.h; sourceTree = "<group>"; };
		0EEEE22F1C05EC7800A367F5 /* FMDatabaseAdditions.m */ = {isa = PBXFileReference; fileEncoding = 4; lastKnownFileType = sourcecode.c.objc; path = FMDatabaseAdditions.m; sourceTree = "<group>"; };
		0EEEE2301C05EC7800A367F5 /* FMDatabasePool.h */ = {isa = PBXFileReference; fileEncoding = 4; lastKnownFileType = sourcecode.c.h; path = FMDatabasePool.h; sourceTree = "<group>"; };
		0EEEE2311C05EC7800A367F5 /* FMDatabasePool.m */ = {isa = PBXFileReference; fileEncoding = 4; lastKnownFileType = sourcecode.c.objc; path = FMDatabasePool.m; sourceTree = "<group>"; };
		0EEEE2321C05EC7800A367F5 /* FMDatabaseQueue.h */ = {isa = PBXFileReference; fileEncoding = 4; lastKnownFileType = sourcecode.c.h; path = FMDatabaseQueue.h; sourceTree = "<group>"; };
		0EEEE2331C05EC7800A367F5 /* FMDatabaseQueue.m */ = {isa = PBXFileReference; fileEncoding = 4; lastKnownFileType = sourcecode.c.objc; path = FMDatabaseQueue.m; sourceTree = "<group>"; };
		0EEEE2341C05EC7800A367F5 /* FMDB.h */ = {isa = PBXFileReference; fileEncoding = 4; lastKnownFileType = sourcecode.c.h; path = FMDB.h; sourceTree = "<group>"; };
		0EEEE2351C05EC7800A367F5 /* FMResultSet.h */ = {isa = PBXFileReference; fileEncoding = 4; lastKnownFileType = sourcecode.c.h; path = FMResultSet.h; sourceTree = "<group>"; };
		0EEEE2361C05EC7800A367F5 /* FMResultSet.m */ = {isa = PBXFileReference; fileEncoding = 4; lastKnownFileType = sourcecode.c.objc; path = FMResultSet.m; sourceTree = "<group>"; };
		0EEEE2371C05EC7800A367F5 /* PBDataModel.h */ = {isa = PBXFileReference; fileEncoding = 4; lastKnownFileType = sourcecode.c.h; path = PBDataModel.h; sourceTree = "<group>"; };
		0EEEE2381C05EC7800A367F5 /* PBDataModel.m */ = {isa = PBXFileReference; fileEncoding = 4; lastKnownFileType = sourcecode.c.objc; path = PBDataModel.m; sourceTree = "<group>"; };
		0EEEE2391C05EC7800A367F5 /* PBDataStorage.h */ = {isa = PBXFileReference; fileEncoding = 4; lastKnownFileType = sourcecode.c.h; path = PBDataStorage.h; sourceTree = "<group>"; };
		0EEEE23A1C05EC7800A367F5 /* PBDataStorage.m */ = {isa = PBXFileReference; fileEncoding = 4; lastKnownFileType = sourcecode.c.objc; path = PBDataStorage.m; sourceTree = "<group>"; };
		0EEEE23C1C05EC7800A367F5 /* GlobalConfig.h */ = {isa = PBXFileReference; fileEncoding = 4; lastKnownFileType = sourcecode.c.h; path = GlobalConfig.h; sourceTree = "<group>"; };
		0EEEE23D1C05EC7800A367F5 /* GlobalConfig.m */ = {isa = PBXFileReference; fileEncoding = 4; lastKnownFileType = sourcecode.c.objc; path = GlobalConfig.m; sourceTree = "<group>"; };
		0EEEE23E1C05EC7800A367F5 /* PTLock.h */ = {isa = PBXFileReference; fileEncoding = 4; lastKnownFileType = sourcecode.c.h; path = PTLock.h; sourceTree = "<group>"; };
		0EEEE23F1C05EC7800A367F5 /* PTLock.m */ = {isa = PBXFileReference; fileEncoding = 4; lastKnownFileType = sourcecode.c.objc; path = PTLock.m; sourceTree = "<group>"; };
		0EEEE2401C05EC7800A367F5 /* PTSerialize.h */ = {isa = PBXFileReference; fileEncoding = 4; lastKnownFileType = sourcecode.c.h; path = PTSerialize.h; sourceTree = "<group>"; };
		0EEEE2411C05EC7800A367F5 /* PTSerialize.m */ = {isa = PBXFileReference; fileEncoding = 4; lastKnownFileType = sourcecode.c.objc; path = PTSerialize.m; sourceTree = "<group>"; };
		0EEEE2461C05EC7800A367F5 /* PTTableViewCell.h */ = {isa = PBXFileReference; fileEncoding = 4; lastKnownFileType = sourcecode.c.h; path = PTTableViewCell.h; sourceTree = "<group>"; };
		0EEEE2471C05EC7800A367F5 /* PTTableViewCell.m */ = {isa = PBXFileReference; fileEncoding = 4; lastKnownFileType = sourcecode.c.objc; path = PTTableViewCell.m; sourceTree = "<group>"; };
		0EEEE2481C05EC7800A367F5 /* PTTableViewController.h */ = {isa = PBXFileReference; fileEncoding = 4; lastKnownFileType = sourcecode.c.h; path = PTTableViewController.h; sourceTree = "<group>"; };
		0EEEE2491C05EC7800A367F5 /* PTTableViewController.m */ = {isa = PBXFileReference; fileEncoding = 4; lastKnownFileType = sourcecode.c.objc; path = PTTableViewController.m; sourceTree = "<group>"; };
		0EEEE24C1C05EC7800A367F5 /* AFHTTPRequestOperation.h */ = {isa = PBXFileReference; fileEncoding = 4; lastKnownFileType = sourcecode.c.h; path = AFHTTPRequestOperation.h; sourceTree = "<group>"; };
		0EEEE24D1C05EC7800A367F5 /* AFHTTPRequestOperation.m */ = {isa = PBXFileReference; fileEncoding = 4; lastKnownFileType = sourcecode.c.objc; path = AFHTTPRequestOperation.m; sourceTree = "<group>"; };
		0EEEE24E1C05EC7800A367F5 /* AFHTTPRequestOperationManager.h */ = {isa = PBXFileReference; fileEncoding = 4; lastKnownFileType = sourcecode.c.h; path = AFHTTPRequestOperationManager.h; sourceTree = "<group>"; };
		0EEEE24F1C05EC7800A367F5 /* AFHTTPRequestOperationManager.m */ = {isa = PBXFileReference; fileEncoding = 4; lastKnownFileType = sourcecode.c.objc; path = AFHTTPRequestOperationManager.m; sourceTree = "<group>"; };
		0EEEE2501C05EC7800A367F5 /* AFHTTPSessionManager.h */ = {isa = PBXFileReference; fileEncoding = 4; lastKnownFileType = sourcecode.c.h; path = AFHTTPSessionManager.h; sourceTree = "<group>"; };
		0EEEE2511C05EC7800A367F5 /* AFHTTPSessionManager.m */ = {isa = PBXFileReference; fileEncoding = 4; lastKnownFileType = sourcecode.c.objc; path = AFHTTPSessionManager.m; sourceTree = "<group>"; };
		0EEEE2521C05EC7800A367F5 /* AFNetworking.h */ = {isa = PBXFileReference; fileEncoding = 4; lastKnownFileType = sourcecode.c.h; path = AFNetworking.h; sourceTree = "<group>"; };
		0EEEE2531C05EC7800A367F5 /* AFNetworkReachabilityManager.h */ = {isa = PBXFileReference; fileEncoding = 4; lastKnownFileType = sourcecode.c.h; path = AFNetworkReachabilityManager.h; sourceTree = "<group>"; };
		0EEEE2541C05EC7800A367F5 /* AFNetworkReachabilityManager.m */ = {isa = PBXFileReference; fileEncoding = 4; lastKnownFileType = sourcecode.c.objc; path = AFNetworkReachabilityManager.m; sourceTree = "<group>"; };
		0EEEE2551C05EC7800A367F5 /* AFSecurityPolicy.h */ = {isa = PBXFileReference; fileEncoding = 4; lastKnownFileType = sourcecode.c.h; path = AFSecurityPolicy.h; sourceTree = "<group>"; };
		0EEEE2561C05EC7800A367F5 /* AFSecurityPolicy.m */ = {isa = PBXFileReference; fileEncoding = 4; lastKnownFileType = sourcecode.c.objc; path = AFSecurityPolicy.m; sourceTree = "<group>"; };
		0EEEE2571C05EC7800A367F5 /* AFURLConnectionOperation.h */ = {isa = PBXFileReference; fileEncoding = 4; lastKnownFileType = sourcecode.c.h; path = AFURLConnectionOperation.h; sourceTree = "<group>"; };
		0EEEE2581C05EC7800A367F5 /* AFURLConnectionOperation.m */ = {isa = PBXFileReference; fileEncoding = 4; lastKnownFileType = sourcecode.c.objc; path = AFURLConnectionOperation.m; sourceTree = "<group>"; };
		0EEEE2591C05EC7800A367F5 /* AFURLRequestSerialization.h */ = {isa = PBXFileReference; fileEncoding = 4; lastKnownFileType = sourcecode.c.h; path = AFURLRequestSerialization.h; sourceTree = "<group>"; };
		0EEEE25A1C05EC7800A367F5 /* AFURLRequestSerialization.m */ = {isa = PBXFileReference; fileEncoding = 4; lastKnownFileType = sourcecode.c.objc; path = AFURLRequestSerialization.m; sourceTree = "<group>"; };
		0EEEE25B1C05EC7800A367F5 /* AFURLResponseSerialization.h */ = {isa = PBXFileReference; fileEncoding = 4; lastKnownFileType = sourcecode.c.h; path = AFURLResponseSerialization.h; sourceTree = "<group>"; };
		0EEEE25C1C05EC7800A367F5 /* AFURLResponseSerialization.m */ = {isa = PBXFileReference; fileEncoding = 4; lastKnownFileType = sourcecode.c.objc; path = AFURLResponseSerialization.m; sourceTree = "<group>"; };
		0EEEE25D1C05EC7800A367F5 /* AFURLSessionManager.h */ = {isa = PBXFileReference; fileEncoding = 4; lastKnownFileType = sourcecode.c.h; path = AFURLSessionManager.h; sourceTree = "<group>"; };
		0EEEE25E1C05EC7800A367F5 /* AFURLSessionManager.m */ = {isa = PBXFileReference; fileEncoding = 4; lastKnownFileType = sourcecode.c.objc; path = AFURLSessionManager.m; sourceTree = "<group>"; };
		0EEEE2601C05EC7800A367F5 /* SSKeychain.h */ = {isa = PBXFileReference; fileEncoding = 4; lastKnownFileType = sourcecode.c.h; path = SSKeychain.h; sourceTree = "<group>"; };
		0EEEE2611C05EC7800A367F5 /* SSKeychain.m */ = {isa = PBXFileReference; fileEncoding = 4; lastKnownFileType = sourcecode.c.objc; path = SSKeychain.m; sourceTree = "<group>"; };
		0EEEE2631C05EC7800A367F5 /* MASCompositeConstraint.h */ = {isa = PBXFileReference; fileEncoding = 4; lastKnownFileType = sourcecode.c.h; path = MASCompositeConstraint.h; sourceTree = "<group>"; };
		0EEEE2641C05EC7800A367F5 /* MASCompositeConstraint.m */ = {isa = PBXFileReference; fileEncoding = 4; lastKnownFileType = sourcecode.c.objc; path = MASCompositeConstraint.m; sourceTree = "<group>"; };
		0EEEE2651C05EC7800A367F5 /* MASConstraint+Private.h */ = {isa = PBXFileReference; fileEncoding = 4; lastKnownFileType = sourcecode.c.h; path = "MASConstraint+Private.h"; sourceTree = "<group>"; };
		0EEEE2661C05EC7800A367F5 /* MASConstraint.h */ = {isa = PBXFileReference; fileEncoding = 4; lastKnownFileType = sourcecode.c.h; path = MASConstraint.h; sourceTree = "<group>"; };
		0EEEE2671C05EC7800A367F5 /* MASConstraint.m */ = {isa = PBXFileReference; fileEncoding = 4; lastKnownFileType = sourcecode.c.objc; path = MASConstraint.m; sourceTree = "<group>"; };
		0EEEE2681C05EC7800A367F5 /* MASConstraintMaker.h */ = {isa = PBXFileReference; fileEncoding = 4; lastKnownFileType = sourcecode.c.h; path = MASConstraintMaker.h; sourceTree = "<group>"; };
		0EEEE2691C05EC7800A367F5 /* MASConstraintMaker.m */ = {isa = PBXFileReference; fileEncoding = 4; lastKnownFileType = sourcecode.c.objc; path = MASConstraintMaker.m; sourceTree = "<group>"; };
		0EEEE26A1C05EC7800A367F5 /* MASLayoutConstraint.h */ = {isa = PBXFileReference; fileEncoding = 4; lastKnownFileType = sourcecode.c.h; path = MASLayoutConstraint.h; sourceTree = "<group>"; };
		0EEEE26B1C05EC7800A367F5 /* MASLayoutConstraint.m */ = {isa = PBXFileReference; fileEncoding = 4; lastKnownFileType = sourcecode.c.objc; path = MASLayoutConstraint.m; sourceTree = "<group>"; };
		0EEEE26C1C05EC7800A367F5 /* Masonry.h */ = {isa = PBXFileReference; fileEncoding = 4; lastKnownFileType = sourcecode.c.h; path = Masonry.h; sourceTree = "<group>"; };
		0EEEE26D1C05EC7800A367F5 /* MASUtilities.h */ = {isa = PBXFileReference; fileEncoding = 4; lastKnownFileType = sourcecode.c.h; path = MASUtilities.h; sourceTree = "<group>"; };
		0EEEE26E1C05EC7800A367F5 /* MASViewAttribute.h */ = {isa = PBXFileReference; fileEncoding = 4; lastKnownFileType = sourcecode.c.h; path = MASViewAttribute.h; sourceTree = "<group>"; };
		0EEEE26F1C05EC7800A367F5 /* MASViewAttribute.m */ = {isa = PBXFileReference; fileEncoding = 4; lastKnownFileType = sourcecode.c.objc; path = MASViewAttribute.m; sourceTree = "<group>"; };
		0EEEE2701C05EC7800A367F5 /* MASViewConstraint.h */ = {isa = PBXFileReference; fileEncoding = 4; lastKnownFileType = sourcecode.c.h; path = MASViewConstraint.h; sourceTree = "<group>"; };
		0EEEE2711C05EC7800A367F5 /* MASViewConstraint.m */ = {isa = PBXFileReference; fileEncoding = 4; lastKnownFileType = sourcecode.c.objc; path = MASViewConstraint.m; sourceTree = "<group>"; };
		0EEEE2721C05EC7800A367F5 /* NSArray+MASAdditions.h */ = {isa = PBXFileReference; fileEncoding = 4; lastKnownFileType = sourcecode.c.h; path = "NSArray+MASAdditions.h"; sourceTree = "<group>"; };
		0EEEE2731C05EC7800A367F5 /* NSArray+MASAdditions.m */ = {isa = PBXFileReference; fileEncoding = 4; lastKnownFileType = sourcecode.c.objc; path = "NSArray+MASAdditions.m"; sourceTree = "<group>"; };
		0EEEE2741C05EC7800A367F5 /* NSArray+MASShorthandAdditions.h */ = {isa = PBXFileReference; fileEncoding = 4; lastKnownFileType = sourcecode.c.h; path = "NSArray+MASShorthandAdditions.h"; sourceTree = "<group>"; };
		0EEEE2751C05EC7800A367F5 /* NSLayoutConstraint+MASDebugAdditions.h */ = {isa = PBXFileReference; fileEncoding = 4; lastKnownFileType = sourcecode.c.h; path = "NSLayoutConstraint+MASDebugAdditions.h"; sourceTree = "<group>"; };
		0EEEE2761C05EC7800A367F5 /* NSLayoutConstraint+MASDebugAdditions.m */ = {isa = PBXFileReference; fileEncoding = 4; lastKnownFileType = sourcecode.c.objc; path = "NSLayoutConstraint+MASDebugAdditions.m"; sourceTree = "<group>"; };
		0EEEE2771C05EC7800A367F5 /* View+MASAdditions.h */ = {isa = PBXFileReference; fileEncoding = 4; lastKnownFileType = sourcecode.c.h; path = "View+MASAdditions.h"; sourceTree = "<group>"; };
		0EEEE2781C05EC7800A367F5 /* View+MASAdditions.m */ = {isa = PBXFileReference; fileEncoding = 4; lastKnownFileType = sourcecode.c.objc; path = "View+MASAdditions.m"; sourceTree = "<group>"; };
		0EEEE2791C05EC7800A367F5 /* View+MASShorthandAdditions.h */ = {isa = PBXFileReference; fileEncoding = 4; lastKnownFileType = sourcecode.c.h; path = "View+MASShorthandAdditions.h"; sourceTree = "<group>"; };
		0EEEE27A1C05EC7800A367F5 /* ViewController+MASAdditions.h */ = {isa = PBXFileReference; fileEncoding = 4; lastKnownFileType = sourcecode.c.h; path = "ViewController+MASAdditions.h"; sourceTree = "<group>"; };
		0EEEE27B1C05EC7800A367F5 /* ViewController+MASAdditions.m */ = {isa = PBXFileReference; fileEncoding = 4; lastKnownFileType = sourcecode.c.objc; path = "ViewController+MASAdditions.m"; sourceTree = "<group>"; };
		0EEEE27D1C05EC7800A367F5 /* GCDMulticastDelegate.h */ = {isa = PBXFileReference; fileEncoding = 4; lastKnownFileType = sourcecode.c.h; path = GCDMulticastDelegate.h; sourceTree = "<group>"; };
		0EEEE27E1C05EC7800A367F5 /* GCDMulticastDelegate.m */ = {isa = PBXFileReference; fileEncoding = 4; lastKnownFileType = sourcecode.c.objc; path = GCDMulticastDelegate.m; sourceTree = "<group>"; };
		0EEEE2801C05EC7800A367F5 /* MKAnnotationView+WebCache.h */ = {isa = PBXFileReference; fileEncoding = 4; lastKnownFileType = sourcecode.c.h; path = "MKAnnotationView+WebCache.h"; sourceTree = "<group>"; };
		0EEEE2811C05EC7800A367F5 /* MKAnnotationView+WebCache.m */ = {isa = PBXFileReference; fileEncoding = 4; lastKnownFileType = sourcecode.c.objc; path = "MKAnnotationView+WebCache.m"; sourceTree = "<group>"; };
		0EEEE2821C05EC7800A367F5 /* NSData+ImageContentType.h */ = {isa = PBXFileReference; fileEncoding = 4; lastKnownFileType = sourcecode.c.h; path = "NSData+ImageContentType.h"; sourceTree = "<group>"; };
		0EEEE2831C05EC7800A367F5 /* NSData+ImageContentType.m */ = {isa = PBXFileReference; fileEncoding = 4; lastKnownFileType = sourcecode.c.objc; path = "NSData+ImageContentType.m"; sourceTree = "<group>"; };
		0EEEE2841C05EC7800A367F5 /* SDImageCache.h */ = {isa = PBXFileReference; fileEncoding = 4; lastKnownFileType = sourcecode.c.h; path = SDImageCache.h; sourceTree = "<group>"; };
		0EEEE2851C05EC7800A367F5 /* SDImageCache.m */ = {isa = PBXFileReference; fileEncoding = 4; lastKnownFileType = sourcecode.c.objc; path = SDImageCache.m; sourceTree = "<group>"; };
		0EEEE2861C05EC7800A367F5 /* SDWebImageCompat.h */ = {isa = PBXFileReference; fileEncoding = 4; lastKnownFileType = sourcecode.c.h; path = SDWebImageCompat.h; sourceTree = "<group>"; };
		0EEEE2871C05EC7800A367F5 /* SDWebImageCompat.m */ = {isa = PBXFileReference; fileEncoding = 4; lastKnownFileType = sourcecode.c.objc; path = SDWebImageCompat.m; sourceTree = "<group>"; };
		0EEEE2881C05EC7800A367F5 /* SDWebImageDecoder.h */ = {isa = PBXFileReference; fileEncoding = 4; lastKnownFileType = sourcecode.c.h; path = SDWebImageDecoder.h; sourceTree = "<group>"; };
		0EEEE2891C05EC7800A367F5 /* SDWebImageDecoder.m */ = {isa = PBXFileReference; fileEncoding = 4; lastKnownFileType = sourcecode.c.objc; path = SDWebImageDecoder.m; sourceTree = "<group>"; };
		0EEEE28A1C05EC7800A367F5 /* SDWebImageDownloader.h */ = {isa = PBXFileReference; fileEncoding = 4; lastKnownFileType = sourcecode.c.h; path = SDWebImageDownloader.h; sourceTree = "<group>"; };
		0EEEE28B1C05EC7800A367F5 /* SDWebImageDownloader.m */ = {isa = PBXFileReference; fileEncoding = 4; lastKnownFileType = sourcecode.c.objc; path = SDWebImageDownloader.m; sourceTree = "<group>"; };
		0EEEE28C1C05EC7800A367F5 /* SDWebImageDownloaderOperation.h */ = {isa = PBXFileReference; fileEncoding = 4; lastKnownFileType = sourcecode.c.h; path = SDWebImageDownloaderOperation.h; sourceTree = "<group>"; };
		0EEEE28D1C05EC7800A367F5 /* SDWebImageDownloaderOperation.m */ = {isa = PBXFileReference; fileEncoding = 4; lastKnownFileType = sourcecode.c.objc; path = SDWebImageDownloaderOperation.m; sourceTree = "<group>"; };
		0EEEE28E1C05EC7800A367F5 /* SDWebImageManager.h */ = {isa = PBXFileReference; fileEncoding = 4; lastKnownFileType = sourcecode.c.h; path = SDWebImageManager.h; sourceTree = "<group>"; };
		0EEEE28F1C05EC7800A367F5 /* SDWebImageManager.m */ = {isa = PBXFileReference; fileEncoding = 4; lastKnownFileType = sourcecode.c.objc; path = SDWebImageManager.m; sourceTree = "<group>"; };
		0EEEE2901C05EC7800A367F5 /* SDWebImageOperation.h */ = {isa = PBXFileReference; fileEncoding = 4; lastKnownFileType = sourcecode.c.h; path = SDWebImageOperation.h; sourceTree = "<group>"; };
		0EEEE2911C05EC7800A367F5 /* SDWebImagePrefetcher.h */ = {isa = PBXFileReference; fileEncoding = 4; lastKnownFileType = sourcecode.c.h; path = SDWebImagePrefetcher.h; sourceTree = "<group>"; };
		0EEEE2921C05EC7800A367F5 /* SDWebImagePrefetcher.m */ = {isa = PBXFileReference; fileEncoding = 4; lastKnownFileType = sourcecode.c.objc; path = SDWebImagePrefetcher.m; sourceTree = "<group>"; };
		0EEEE2931C05EC7800A367F5 /* UIButton+WebCache.h */ = {isa = PBXFileReference; fileEncoding = 4; lastKnownFileType = sourcecode.c.h; path = "UIButton+WebCache.h"; sourceTree = "<group>"; };
		0EEEE2941C05EC7800A367F5 /* UIButton+WebCache.m */ = {isa = PBXFileReference; fileEncoding = 4; lastKnownFileType = sourcecode.c.objc; path = "UIButton+WebCache.m"; sourceTree = "<group>"; };
		0EEEE2951C05EC7800A367F5 /* UIImage+GIF.h */ = {isa = PBXFileReference; fileEncoding = 4; lastKnownFileType = sourcecode.c.h; path = "UIImage+GIF.h"; sourceTree = "<group>"; };
		0EEEE2961C05EC7800A367F5 /* UIImage+GIF.m */ = {isa = PBXFileReference; fileEncoding = 4; lastKnownFileType = sourcecode.c.objc; path = "UIImage+GIF.m"; sourceTree = "<group>"; };
		0EEEE2971C05EC7800A367F5 /* UIImage+MultiFormat.h */ = {isa = PBXFileReference; fileEncoding = 4; lastKnownFileType = sourcecode.c.h; path = "UIImage+MultiFormat.h"; sourceTree = "<group>"; };
		0EEEE2981C05EC7800A367F5 /* UIImage+MultiFormat.m */ = {isa = PBXFileReference; fileEncoding = 4; lastKnownFileType = sourcecode.c.objc; path = "UIImage+MultiFormat.m"; sourceTree = "<group>"; };
		0EEEE2991C05EC7800A367F5 /* UIImage+WebP.h */ = {isa = PBXFileReference; fileEncoding = 4; lastKnownFileType = sourcecode.c.h; path = "UIImage+WebP.h"; sourceTree = "<group>"; };
		0EEEE29A1C05EC7800A367F5 /* UIImage+WebP.m */ = {isa = PBXFileReference; fileEncoding = 4; lastKnownFileType = sourcecode.c.objc; path = "UIImage+WebP.m"; sourceTree = "<group>"; };
		0EEEE29B1C05EC7800A367F5 /* UIImageView+HighlightedWebCache.h */ = {isa = PBXFileReference; fileEncoding = 4; lastKnownFileType = sourcecode.c.h; path = "UIImageView+HighlightedWebCache.h"; sourceTree = "<group>"; };
		0EEEE29C1C05EC7800A367F5 /* UIImageView+HighlightedWebCache.m */ = {isa = PBXFileReference; fileEncoding = 4; lastKnownFileType = sourcecode.c.objc; path = "UIImageView+HighlightedWebCache.m"; sourceTree = "<group>"; };
		0EEEE29D1C05EC7800A367F5 /* UIImageView+WebCache.h */ = {isa = PBXFileReference; fileEncoding = 4; lastKnownFileType = sourcecode.c.h; path = "UIImageView+WebCache.h"; sourceTree = "<group>"; };
		0EEEE29E1C05EC7800A367F5 /* UIImageView+WebCache.m */ = {isa = PBXFileReference; fileEncoding = 4; lastKnownFileType = sourcecode.c.objc; path = "UIImageView+WebCache.m"; sourceTree = "<group>"; };
		0EEEE29F1C05EC7800A367F5 /* UIView+WebCacheOperation.h */ = {isa = PBXFileReference; fileEncoding = 4; lastKnownFileType = sourcecode.c.h; path = "UIView+WebCacheOperation.h"; sourceTree = "<group>"; };
		0EEEE2A01C05EC7800A367F5 /* UIView+WebCacheOperation.m */ = {isa = PBXFileReference; fileEncoding = 4; lastKnownFileType = sourcecode.c.objc; path = "UIView+WebCacheOperation.m"; sourceTree = "<group>"; };
		0EEEE2A21C05EC7800A367F5 /* SVPullToRefresh.h */ = {isa = PBXFileReference; fileEncoding = 4; lastKnownFileType = sourcecode.c.h; path = SVPullToRefresh.h; sourceTree = "<group>"; };
		0EEEE2A31C05EC7800A367F5 /* UIScrollView+SVInfiniteScrolling.h */ = {isa = PBXFileReference; fileEncoding = 4; lastKnownFileType = sourcecode.c.h; path = "UIScrollView+SVInfiniteScrolling.h"; sourceTree = "<group>"; };
		0EEEE2A41C05EC7800A367F5 /* UIScrollView+SVInfiniteScrolling.m */ = {isa = PBXFileReference; fileEncoding = 4; lastKnownFileType = sourcecode.c.objc; path = "UIScrollView+SVInfiniteScrolling.m"; sourceTree = "<group>"; };
		0EEEE2A51C05EC7800A367F5 /* UIScrollView+SVPullToRefresh.h */ = {isa = PBXFileReference; fileEncoding = 4; lastKnownFileType = sourcecode.c.h; path = "UIScrollView+SVPullToRefresh.h"; sourceTree = "<group>"; };
		0EEEE2A61C05EC7800A367F5 /* UIScrollView+SVPullToRefresh.m */ = {isa = PBXFileReference; fileEncoding = 4; lastKnownFileType = sourcecode.c.objc; path = "UIScrollView+SVPullToRefresh.m"; sourceTree = "<group>"; };
		0EEEE2A81C05EC7800A367F5 /* UITableView+FDIndexPathHeightCache.h */ = {isa = PBXFileReference; fileEncoding = 4; lastKnownFileType = sourcecode.c.h; path = "UITableView+FDIndexPathHeightCache.h"; sourceTree = "<group>"; };
		0EEEE2A91C05EC7800A367F5 /* UITableView+FDIndexPathHeightCache.m */ = {isa = PBXFileReference; fileEncoding = 4; lastKnownFileType = sourcecode.c.objc; path = "UITableView+FDIndexPathHeightCache.m"; sourceTree = "<group>"; };
		0EEEE2AA1C05EC7800A367F5 /* UITableView+FDKeyedHeightCache.h */ = {isa = PBXFileReference; fileEncoding = 4; lastKnownFileType = sourcecode.c.h; path = "UITableView+FDKeyedHeightCache.h"; sourceTree = "<group>"; };
		0EEEE2AB1C05EC7800A367F5 /* UITableView+FDKeyedHeightCache.m */ = {isa = PBXFileReference; fileEncoding = 4; lastKnownFileType = sourcecode.c.objc; path = "UITableView+FDKeyedHeightCache.m"; sourceTree = "<group>"; };
		0EEEE2AC1C05EC7800A367F5 /* UITableView+FDTemplateLayoutCell.h */ = {isa = PBXFileReference; fileEncoding = 4; lastKnownFileType = sourcecode.c.h; path = "UITableView+FDTemplateLayoutCell.h"; sourceTree = "<group>"; };
		0EEEE2AD1C05EC7800A367F5 /* UITableView+FDTemplateLayoutCell.m */ = {isa = PBXFileReference; fileEncoding = 4; lastKnownFileType = sourcecode.c.objc; path = "UITableView+FDTemplateLayoutCell.m"; sourceTree = "<group>"; };
		0EEEE2AE1C05EC7800A367F5 /* UITableView+FDTemplateLayoutCellDebug.h */ = {isa = PBXFileReference; fileEncoding = 4; lastKnownFileType = sourcecode.c.h; path = "UITableView+FDTemplateLayoutCellDebug.h"; sourceTree = "<group>"; };
		0EEEE2AF1C05EC7800A367F5 /* UITableView+FDTemplateLayoutCellDebug.m */ = {isa = PBXFileReference; fileEncoding = 4; lastKnownFileType = sourcecode.c.objc; path = "UITableView+FDTemplateLayoutCellDebug.m"; sourceTree = "<group>"; };
		0EEEE2EC1C05ECAD00A367F5 /* PTMacroDef.h */ = {isa = PBXFileReference; fileEncoding = 4; lastKnownFileType = sourcecode.c.h; path = PTMacroDef.h; sourceTree = "<group>"; };
		0EEEE2ED1C05ECAD00A367F5 /* PubDef.h */ = {isa = PBXFileReference; fileEncoding = 4; lastKnownFileType = sourcecode.c.h; path = PubDef.h; sourceTree = "<group>"; };
		0EEEE2EE1C05EDEA00A367F5 /* PTBaseViewController.h */ = {isa = PBXFileReference; fileEncoding = 4; lastKnownFileType = sourcecode.c.h; path = PTBaseViewController.h; sourceTree = "<group>"; };
		0EEEE2EF1C05EDEA00A367F5 /* PTBaseViewController.m */ = {isa = PBXFileReference; fileEncoding = 4; lastKnownFileType = sourcecode.c.objc; path = PTBaseViewController.m; sourceTree = "<group>"; };
		0EEEE2F11C05EE3400A367F5 /* PTToast.h */ = {isa = PBXFileReference; fileEncoding = 4; lastKnownFileType = sourcecode.c.h; path = PTToast.h; sourceTree = "<group>"; };
		0EEEE2F21C05EE3400A367F5 /* PTToast.m */ = {isa = PBXFileReference; fileEncoding = 4; lastKnownFileType = sourcecode.c.objc; path = PTToast.m; sourceTree = "<group>"; };
		0EEEE2F51C05F04600A367F5 /* MBProgressHUD.h */ = {isa = PBXFileReference; fileEncoding = 4; lastKnownFileType = sourcecode.c.h; path = MBProgressHUD.h; sourceTree = "<group>"; };
		0EEEE2F61C05F04600A367F5 /* MBProgressHUD.m */ = {isa = PBXFileReference; fileEncoding = 4; lastKnownFileType = sourcecode.c.objc; path = MBProgressHUD.m; sourceTree = "<group>"; };
		0EEFC4231A8B2DD9004E1620 /* MapKit.framework */ = {isa = PBXFileReference; lastKnownFileType = wrapper.framework; name = MapKit.framework; path = System/Library/Frameworks/MapKit.framework; sourceTree = SDKROOT; };
/* End PBXFileReference section */

/* Begin PBXFrameworksBuildPhase section */
		0E5E254719B5586C00C9D243 /* Frameworks */ = {
			isa = PBXFrameworksBuildPhase;
			buildActionMask = 2147483647;
			files = (
				0EEFC4241A8B2DD9004E1620 /* MapKit.framework in Frameworks */,
				0E636A2D1A6DEB7600345C56 /* CoreLocation.framework in Frameworks */,
				0E5E254E19B5586C00C9D243 /* Foundation.framework in Frameworks */,
			);
			runOnlyForDeploymentPostprocessing = 0;
		};
		0E5E255719B5586C00C9D243 /* Frameworks */ = {
			isa = PBXFrameworksBuildPhase;
			buildActionMask = 2147483647;
			files = (
				0EEFC4261A8B2E1E004E1620 /* CoreLocation.framework in Frameworks */,
				0EEFC4251A8B2E18004E1620 /* MapKit.framework in Frameworks */,
				0E5E255C19B5586C00C9D243 /* XCTest.framework in Frameworks */,
				0E5E255F19B5586C00C9D243 /* UIKit.framework in Frameworks */,
				0E5E255D19B5586C00C9D243 /* Foundation.framework in Frameworks */,
				0E5E256219B5586C00C9D243 /* libPubTools.a in Frameworks */,
			);
			runOnlyForDeploymentPostprocessing = 0;
		};
/* End PBXFrameworksBuildPhase section */

/* Begin PBXGroup section */
		0E5E254119B5586C00C9D243 = {
			isa = PBXGroup;
			children = (
				0E5E254F19B5586C00C9D243 /* PubTools */,
				0E5E256319B5586C00C9D243 /* PubToolsTests */,
				0E5E254C19B5586C00C9D243 /* Frameworks */,
				0E5E254B19B5586C00C9D243 /* Products */,
			);
			sourceTree = "<group>";
		};
		0E5E254B19B5586C00C9D243 /* Products */ = {
			isa = PBXGroup;
			children = (
				0E5E254A19B5586C00C9D243 /* libPubTools.a */,
				0E5E255A19B5586C00C9D243 /* PubToolsTests.xctest */,
			);
			name = Products;
			sourceTree = "<group>";
		};
		0E5E254C19B5586C00C9D243 /* Frameworks */ = {
			isa = PBXGroup;
			children = (
				0EEFC4231A8B2DD9004E1620 /* MapKit.framework */,
				0E636A2C1A6DEB7600345C56 /* CoreLocation.framework */,
				0E5E254D19B5586C00C9D243 /* Foundation.framework */,
				0E5E255B19B5586C00C9D243 /* XCTest.framework */,
				0E5E255E19B5586C00C9D243 /* UIKit.framework */,
			);
			name = Frameworks;
			sourceTree = "<group>";
		};
		0E5E254F19B5586C00C9D243 /* PubTools */ = {
			isa = PBXGroup;
			children = (
				0EEEE2201C05EC7800A367F5 /* BaseUtility */,
				0EEEE24A1C05EC7800A367F5 /* ThirdParty */,
				0E5E255019B5586C00C9D243 /* Supporting Files */,
			);
			path = PubTools;
			sourceTree = "<group>";
		};
		0E5E255019B5586C00C9D243 /* Supporting Files */ = {
			isa = PBXGroup;
			children = (
				0E5E255119B5586C00C9D243 /* PubTools-Prefix.pch */,
			);
			name = "Supporting Files";
			sourceTree = "<group>";
		};
		0E5E256319B5586C00C9D243 /* PubToolsTests */ = {
			isa = PBXGroup;
			children = (
				0E5E258619B55BA000C9D243 /* GlobalConfigTest.m */,
				0E5E256919B5586C00C9D243 /* PubToolsTests.m */,
				0E5E256419B5586C00C9D243 /* Supporting Files */,
			);
			path = PubToolsTests;
			sourceTree = "<group>";
		};
		0E5E256419B5586C00C9D243 /* Supporting Files */ = {
			isa = PBXGroup;
			children = (
				0E5E256519B5586C00C9D243 /* PubToolsTests-Info.plist */,
				0E5E256619B5586C00C9D243 /* InfoPlist.strings */,
			);
			name = "Supporting Files";
			sourceTree = "<group>";
		};
		0EEEE2201C05EC7800A367F5 /* BaseUtility */ = {
			isa = PBXGroup;
			children = (
				0EEEE2EC1C05ECAD00A367F5 /* PTMacroDef.h */,
				0EEEE2ED1C05ECAD00A367F5 /* PubDef.h */,
				0EEEE2211C05EC7800A367F5 /* Category */,
				0EEEE22A1C05EC7800A367F5 /* Database */,
				0EEEE23B1C05EC7800A367F5 /* Tools */,
				0EEEE2421C05EC7800A367F5 /* UI */,
			);
			path = BaseUtility;
			sourceTree = "<group>";
		};
		0EEEE2211C05EC7800A367F5 /* Category */ = {
			isa = PBXGroup;
			children = (
				0EEEE2221C05EC7800A367F5 /* NSDictionary+Helper.h */,
				0EEEE2231C05EC7800A367F5 /* NSDictionary+Helper.m */,
				0EEEE2241C05EC7800A367F5 /* NSObject+ARC.h */,
				0EEEE2251C05EC7800A367F5 /* NSObject+ARC.m */,
				0EEEE2261C05EC7800A367F5 /* NSString+Helper.h */,
				0EEEE2271C05EC7800A367F5 /* NSString+Helper.m */,
				0EEEE2281C05EC7800A367F5 /* UIImage+Helper.h */,
				0EEEE2291C05EC7800A367F5 /* UIImage+Helper.m */,
			);
			path = Category;
			sourceTree = "<group>";
		};
		0EEEE22A1C05EC7800A367F5 /* Database */ = {
			isa = PBXGroup;
			children = (
				0EEEE22B1C05EC7800A367F5 /* fmdb */,
				0EEEE2371C05EC7800A367F5 /* PBDataModel.h */,
				0EEEE2381C05EC7800A367F5 /* PBDataModel.m */,
				0EEEE2391C05EC7800A367F5 /* PBDataStorage.h */,
				0EEEE23A1C05EC7800A367F5 /* PBDataStorage.m */,
			);
			path = Database;
			sourceTree = "<group>";
		};
		0EEEE22B1C05EC7800A367F5 /* fmdb */ = {
			isa = PBXGroup;
			children = (
				0EEEE22C1C05EC7800A367F5 /* FMDatabase.h */,
				0EEEE22D1C05EC7800A367F5 /* FMDatabase.m */,
				0EEEE22E1C05EC7800A367F5 /* FMDatabaseAdditions.h */,
				0EEEE22F1C05EC7800A367F5 /* FMDatabaseAdditions.m */,
				0EEEE2301C05EC7800A367F5 /* FMDatabasePool.h */,
				0EEEE2311C05EC7800A367F5 /* FMDatabasePool.m */,
				0EEEE2321C05EC7800A367F5 /* FMDatabaseQueue.h */,
				0EEEE2331C05EC7800A367F5 /* FMDatabaseQueue.m */,
				0EEEE2341C05EC7800A367F5 /* FMDB.h */,
				0EEEE2351C05EC7800A367F5 /* FMResultSet.h */,
				0EEEE2361C05EC7800A367F5 /* FMResultSet.m */,
			);
			path = fmdb;
			sourceTree = "<group>";
		};
		0EEEE23B1C05EC7800A367F5 /* Tools */ = {
			isa = PBXGroup;
			children = (
				0EEEE23C1C05EC7800A367F5 /* GlobalConfig.h */,
				0EEEE23D1C05EC7800A367F5 /* GlobalConfig.m */,
				0EEEE23E1C05EC7800A367F5 /* PTLock.h */,
				0EEEE23F1C05EC7800A367F5 /* PTLock.m */,
				0EEEE2401C05EC7800A367F5 /* PTSerialize.h */,
				0EEEE2411C05EC7800A367F5 /* PTSerialize.m */,
			);
			path = Tools;
			sourceTree = "<group>";
		};
		0EEEE2421C05EC7800A367F5 /* UI */ = {
			isa = PBXGroup;
			children = (
				0EEEE2EE1C05EDEA00A367F5 /* PTBaseViewController.h */,
				0EEEE2EF1C05EDEA00A367F5 /* PTBaseViewController.m */,
				0E786CDE1C0602A9004232E7 /* PTNavigationController.h */,
				0E786CDF1C0602A9004232E7 /* PTNavigationController.m */,
				0EAE65DD1C291F4200392B31 /* PTTextField.h */,
				0EAE65DE1C291F4200392B31 /* PTTextField.m */,
				0EEEE2F11C05EE3400A367F5 /* PTToast.h */,
				0EEEE2F21C05EE3400A367F5 /* PTToast.m */,
				0EEEE2451C05EC7800A367F5 /* TableViewController */,
			);
			path = UI;
			sourceTree = "<group>";
		};
		0EEEE2451C05EC7800A367F5 /* TableViewController */ = {
			isa = PBXGroup;
			children = (
				0EEEE2461C05EC7800A367F5 /* PTTableViewCell.h */,
				0EEEE2471C05EC7800A367F5 /* PTTableViewCell.m */,
				0EEEE2481C05EC7800A367F5 /* PTTableViewController.h */,
				0EEEE2491C05EC7800A367F5 /* PTTableViewController.m */,
			);
			path = TableViewController;
			sourceTree = "<group>";
		};
		0EEEE24A1C05EC7800A367F5 /* ThirdParty */ = {
			isa = PBXGroup;
			children = (
				0EEEE2F41C05F04600A367F5 /* MBProgressHUD */,
				0EEEE24B1C05EC7800A367F5 /* AFNetworking */,
				0EEEE25F1C05EC7800A367F5 /* KeyChain */,
				0EEEE2621C05EC7800A367F5 /* Masonry */,
				0EEEE27C1C05EC7800A367F5 /* MulticastDelegate */,
				0EEEE27F1C05EC7800A367F5 /* SDWebImage */,
				0EEEE2A11C05EC7800A367F5 /* SVPullToRefresh */,
				0EEEE2A71C05EC7800A367F5 /* UITableView-FDTemplateLayoutCel */,
			);
			path = ThirdParty;
			sourceTree = "<group>";
		};
		0EEEE24B1C05EC7800A367F5 /* AFNetworking */ = {
			isa = PBXGroup;
			children = (
				0EEEE24C1C05EC7800A367F5 /* AFHTTPRequestOperation.h */,
				0EEEE24D1C05EC7800A367F5 /* AFHTTPRequestOperation.m */,
				0EEEE24E1C05EC7800A367F5 /* AFHTTPRequestOperationManager.h */,
				0EEEE24F1C05EC7800A367F5 /* AFHTTPRequestOperationManager.m */,
				0EEEE2501C05EC7800A367F5 /* AFHTTPSessionManager.h */,
				0EEEE2511C05EC7800A367F5 /* AFHTTPSessionManager.m */,
				0EEEE2521C05EC7800A367F5 /* AFNetworking.h */,
				0EEEE2531C05EC7800A367F5 /* AFNetworkReachabilityManager.h */,
				0EEEE2541C05EC7800A367F5 /* AFNetworkReachabilityManager.m */,
				0EEEE2551C05EC7800A367F5 /* AFSecurityPolicy.h */,
				0EEEE2561C05EC7800A367F5 /* AFSecurityPolicy.m */,
				0EEEE2571C05EC7800A367F5 /* AFURLConnectionOperation.h */,
				0EEEE2581C05EC7800A367F5 /* AFURLConnectionOperation.m */,
				0EEEE2591C05EC7800A367F5 /* AFURLRequestSerialization.h */,
				0EEEE25A1C05EC7800A367F5 /* AFURLRequestSerialization.m */,
				0EEEE25B1C05EC7800A367F5 /* AFURLResponseSerialization.h */,
				0EEEE25C1C05EC7800A367F5 /* AFURLResponseSerialization.m */,
				0EEEE25D1C05EC7800A367F5 /* AFURLSessionManager.h */,
				0EEEE25E1C05EC7800A367F5 /* AFURLSessionManager.m */,
			);
			path = AFNetworking;
			sourceTree = "<group>";
		};
		0EEEE25F1C05EC7800A367F5 /* KeyChain */ = {
			isa = PBXGroup;
			children = (
				0EEEE2601C05EC7800A367F5 /* SSKeychain.h */,
				0EEEE2611C05EC7800A367F5 /* SSKeychain.m */,
			);
			path = KeyChain;
			sourceTree = "<group>";
		};
		0EEEE2621C05EC7800A367F5 /* Masonry */ = {
			isa = PBXGroup;
			children = (
				0EEEE2631C05EC7800A367F5 /* MASCompositeConstraint.h */,
				0EEEE2641C05EC7800A367F5 /* MASCompositeConstraint.m */,
				0EEEE2651C05EC7800A367F5 /* MASConstraint+Private.h */,
				0EEEE2661C05EC7800A367F5 /* MASConstraint.h */,
				0EEEE2671C05EC7800A367F5 /* MASConstraint.m */,
				0EEEE2681C05EC7800A367F5 /* MASConstraintMaker.h */,
				0EEEE2691C05EC7800A367F5 /* MASConstraintMaker.m */,
				0EEEE26A1C05EC7800A367F5 /* MASLayoutConstraint.h */,
				0EEEE26B1C05EC7800A367F5 /* MASLayoutConstraint.m */,
				0EEEE26C1C05EC7800A367F5 /* Masonry.h */,
				0EEEE26D1C05EC7800A367F5 /* MASUtilities.h */,
				0EEEE26E1C05EC7800A367F5 /* MASViewAttribute.h */,
				0EEEE26F1C05EC7800A367F5 /* MASViewAttribute.m */,
				0EEEE2701C05EC7800A367F5 /* MASViewConstraint.h */,
				0EEEE2711C05EC7800A367F5 /* MASViewConstraint.m */,
				0EEEE2721C05EC7800A367F5 /* NSArray+MASAdditions.h */,
				0EEEE2731C05EC7800A367F5 /* NSArray+MASAdditions.m */,
				0EEEE2741C05EC7800A367F5 /* NSArray+MASShorthandAdditions.h */,
				0EEEE2751C05EC7800A367F5 /* NSLayoutConstraint+MASDebugAdditions.h */,
				0EEEE2761C05EC7800A367F5 /* NSLayoutConstraint+MASDebugAdditions.m */,
				0EEEE2771C05EC7800A367F5 /* View+MASAdditions.h */,
				0EEEE2781C05EC7800A367F5 /* View+MASAdditions.m */,
				0EEEE2791C05EC7800A367F5 /* View+MASShorthandAdditions.h */,
				0EEEE27A1C05EC7800A367F5 /* ViewController+MASAdditions.h */,
				0EEEE27B1C05EC7800A367F5 /* ViewController+MASAdditions.m */,
			);
			path = Masonry;
			sourceTree = "<group>";
		};
		0EEEE27C1C05EC7800A367F5 /* MulticastDelegate */ = {
			isa = PBXGroup;
			children = (
				0EEEE27D1C05EC7800A367F5 /* GCDMulticastDelegate.h */,
				0EEEE27E1C05EC7800A367F5 /* GCDMulticastDelegate.m */,
			);
			path = MulticastDelegate;
			sourceTree = "<group>";
		};
		0EEEE27F1C05EC7800A367F5 /* SDWebImage */ = {
			isa = PBXGroup;
			children = (
				0EEEE2801C05EC7800A367F5 /* MKAnnotationView+WebCache.h */,
				0EEEE2811C05EC7800A367F5 /* MKAnnotationView+WebCache.m */,
				0EEEE2821C05EC7800A367F5 /* NSData+ImageContentType.h */,
				0EEEE2831C05EC7800A367F5 /* NSData+ImageContentType.m */,
				0EEEE2841C05EC7800A367F5 /* SDImageCache.h */,
				0EEEE2851C05EC7800A367F5 /* SDImageCache.m */,
				0EEEE2861C05EC7800A367F5 /* SDWebImageCompat.h */,
				0EEEE2871C05EC7800A367F5 /* SDWebImageCompat.m */,
				0EEEE2881C05EC7800A367F5 /* SDWebImageDecoder.h */,
				0EEEE2891C05EC7800A367F5 /* SDWebImageDecoder.m */,
				0EEEE28A1C05EC7800A367F5 /* SDWebImageDownloader.h */,
				0EEEE28B1C05EC7800A367F5 /* SDWebImageDownloader.m */,
				0EEEE28C1C05EC7800A367F5 /* SDWebImageDownloaderOperation.h */,
				0EEEE28D1C05EC7800A367F5 /* SDWebImageDownloaderOperation.m */,
				0EEEE28E1C05EC7800A367F5 /* SDWebImageManager.h */,
				0EEEE28F1C05EC7800A367F5 /* SDWebImageManager.m */,
				0EEEE2901C05EC7800A367F5 /* SDWebImageOperation.h */,
				0EEEE2911C05EC7800A367F5 /* SDWebImagePrefetcher.h */,
				0EEEE2921C05EC7800A367F5 /* SDWebImagePrefetcher.m */,
				0EEEE2931C05EC7800A367F5 /* UIButton+WebCache.h */,
				0EEEE2941C05EC7800A367F5 /* UIButton+WebCache.m */,
				0EEEE2951C05EC7800A367F5 /* UIImage+GIF.h */,
				0EEEE2961C05EC7800A367F5 /* UIImage+GIF.m */,
				0EEEE2971C05EC7800A367F5 /* UIImage+MultiFormat.h */,
				0EEEE2981C05EC7800A367F5 /* UIImage+MultiFormat.m */,
				0EEEE2991C05EC7800A367F5 /* UIImage+WebP.h */,
				0EEEE29A1C05EC7800A367F5 /* UIImage+WebP.m */,
				0EEEE29B1C05EC7800A367F5 /* UIImageView+HighlightedWebCache.h */,
				0EEEE29C1C05EC7800A367F5 /* UIImageView+HighlightedWebCache.m */,
				0EEEE29D1C05EC7800A367F5 /* UIImageView+WebCache.h */,
				0EEEE29E1C05EC7800A367F5 /* UIImageView+WebCache.m */,
				0EEEE29F1C05EC7800A367F5 /* UIView+WebCacheOperation.h */,
				0EEEE2A01C05EC7800A367F5 /* UIView+WebCacheOperation.m */,
			);
			path = SDWebImage;
			sourceTree = "<group>";
		};
		0EEEE2A11C05EC7800A367F5 /* SVPullToRefresh */ = {
			isa = PBXGroup;
			children = (
				0EEEE2A21C05EC7800A367F5 /* SVPullToRefresh.h */,
				0EEEE2A31C05EC7800A367F5 /* UIScrollView+SVInfiniteScrolling.h */,
				0EEEE2A41C05EC7800A367F5 /* UIScrollView+SVInfiniteScrolling.m */,
				0EEEE2A51C05EC7800A367F5 /* UIScrollView+SVPullToRefresh.h */,
				0EEEE2A61C05EC7800A367F5 /* UIScrollView+SVPullToRefresh.m */,
			);
			path = SVPullToRefresh;
			sourceTree = "<group>";
		};
		0EEEE2A71C05EC7800A367F5 /* UITableView-FDTemplateLayoutCel */ = {
			isa = PBXGroup;
			children = (
				0EEEE2A81C05EC7800A367F5 /* UITableView+FDIndexPathHeightCache.h */,
				0EEEE2A91C05EC7800A367F5 /* UITableView+FDIndexPathHeightCache.m */,
				0EEEE2AA1C05EC7800A367F5 /* UITableView+FDKeyedHeightCache.h */,
				0EEEE2AB1C05EC7800A367F5 /* UITableView+FDKeyedHeightCache.m */,
				0EEEE2AC1C05EC7800A367F5 /* UITableView+FDTemplateLayoutCell.h */,
				0EEEE2AD1C05EC7800A367F5 /* UITableView+FDTemplateLayoutCell.m */,
				0EEEE2AE1C05EC7800A367F5 /* UITableView+FDTemplateLayoutCellDebug.h */,
				0EEEE2AF1C05EC7800A367F5 /* UITableView+FDTemplateLayoutCellDebug.m */,
			);
			path = "UITableView-FDTemplateLayoutCel";
			sourceTree = "<group>";
		};
		0EEEE2F41C05F04600A367F5 /* MBProgressHUD */ = {
			isa = PBXGroup;
			children = (
				0EEEE2F51C05F04600A367F5 /* MBProgressHUD.h */,
				0EEEE2F61C05F04600A367F5 /* MBProgressHUD.m */,
			);
			path = MBProgressHUD;
			sourceTree = "<group>";
		};
/* End PBXGroup section */

/* Begin PBXNativeTarget section */
		0E5E254919B5586C00C9D243 /* PubTools */ = {
			isa = PBXNativeTarget;
			buildConfigurationList = 0E5E256D19B5586C00C9D243 /* Build configuration list for PBXNativeTarget "PubTools" */;
			buildPhases = (
				0E5E254619B5586C00C9D243 /* Sources */,
				0E5E254719B5586C00C9D243 /* Frameworks */,
				0E5E254819B5586C00C9D243 /* CopyFiles */,
			);
			buildRules = (
			);
			dependencies = (
			);
			name = PubTools;
			productName = PubTools;
			productReference = 0E5E254A19B5586C00C9D243 /* libPubTools.a */;
			productType = "com.apple.product-type.library.static";
		};
		0E5E255919B5586C00C9D243 /* PubToolsTests */ = {
			isa = PBXNativeTarget;
			buildConfigurationList = 0E5E257019B5586C00C9D243 /* Build configuration list for PBXNativeTarget "PubToolsTests" */;
			buildPhases = (
				0E5E255619B5586C00C9D243 /* Sources */,
				0E5E255719B5586C00C9D243 /* Frameworks */,
				0E5E255819B5586C00C9D243 /* Resources */,
			);
			buildRules = (
			);
			dependencies = (
				0E5E256119B5586C00C9D243 /* PBXTargetDependency */,
			);
			name = PubToolsTests;
			productName = PubToolsTests;
			productReference = 0E5E255A19B5586C00C9D243 /* PubToolsTests.xctest */;
			productType = "com.apple.product-type.bundle.unit-test";
		};
/* End PBXNativeTarget section */

/* Begin PBXProject section */
		0E5E254219B5586C00C9D243 /* Project object */ = {
			isa = PBXProject;
			attributes = {
				LastUpgradeCheck = 0510;
				ORGANIZATIONNAME = arcsoft;
			};
			buildConfigurationList = 0E5E254519B5586C00C9D243 /* Build configuration list for PBXProject "PubTools" */;
			compatibilityVersion = "Xcode 3.2";
			developmentRegion = English;
			hasScannedForEncodings = 0;
			knownRegions = (
				en,
			);
			mainGroup = 0E5E254119B5586C00C9D243;
			productRefGroup = 0E5E254B19B5586C00C9D243 /* Products */;
			projectDirPath = "";
			projectRoot = "";
			targets = (
				0E5E254919B5586C00C9D243 /* PubTools */,
				0E5E255919B5586C00C9D243 /* PubToolsTests */,
			);
		};
/* End PBXProject section */

/* Begin PBXResourcesBuildPhase section */
		0E5E255819B5586C00C9D243 /* Resources */ = {
			isa = PBXResourcesBuildPhase;
			buildActionMask = 2147483647;
			files = (
				0E5E256819B5586C00C9D243 /* InfoPlist.strings in Resources */,
			);
			runOnlyForDeploymentPostprocessing = 0;
		};
/* End PBXResourcesBuildPhase section */

/* Begin PBXSourcesBuildPhase section */
		0E5E254619B5586C00C9D243 /* Sources */ = {
			isa = PBXSourcesBuildPhase;
			buildActionMask = 2147483647;
			files = (
				0EEEE2E81C05EC7800A367F5 /* UITableView+FDIndexPathHeightCache.m in Sources */,
				0EEEE2C11C05EC7800A367F5 /* AFHTTPRequestOperation.m in Sources */,
				0E786CE01C0602A9004232E7 /* PTNavigationController.m in Sources */,
				0EEEE2BD1C05EC7800A367F5 /* PTSerialize.m in Sources */,
				0EEEE2B11C05EC7800A367F5 /* NSObject+ARC.m in Sources */,
				0EEEE2BF1C05EC7800A367F5 /* PTTableViewCell.m in Sources */,
				0EEEE2E01C05EC7800A367F5 /* UIImage+GIF.m in Sources */,
				0EEEE2B71C05EC7800A367F5 /* FMDatabaseQueue.m in Sources */,
				0EEEE2F31C05EE3400A367F5 /* PTToast.m in Sources */,
				0EEEE2E91C05EC7800A367F5 /* UITableView+FDKeyedHeightCache.m in Sources */,
				0EEEE2DC1C05EC7800A367F5 /* SDWebImageDownloaderOperation.m in Sources */,
				0EEEE2B01C05EC7800A367F5 /* NSDictionary+Helper.m in Sources */,
				0EEEE2C31C05EC7800A367F5 /* AFHTTPSessionManager.m in Sources */,
				0EEEE2D31C05EC7800A367F5 /* View+MASAdditions.m in Sources */,
				0EEEE2B91C05EC7800A367F5 /* PBDataModel.m in Sources */,
				0EEEE2D71C05EC7800A367F5 /* NSData+ImageContentType.m in Sources */,
				0EEEE2BB1C05EC7800A367F5 /* GlobalConfig.m in Sources */,
				0EEEE2E61C05EC7800A367F5 /* UIScrollView+SVInfiniteScrolling.m in Sources */,
				0EEEE2EB1C05EC7800A367F5 /* UITableView+FDTemplateLayoutCellDebug.m in Sources */,
				0EEEE2C41C05EC7800A367F5 /* AFNetworkReachabilityManager.m in Sources */,
				0EEEE2CD1C05EC7800A367F5 /* MASConstraintMaker.m in Sources */,
				0EAE65DF1C291F4200392B31 /* PTTextField.m in Sources */,
				0EEEE2F01C05EDEA00A367F5 /* PTBaseViewController.m in Sources */,
				0EEEE2E51C05EC7800A367F5 /* UIView+WebCacheOperation.m in Sources */,
				0EEEE2D11C05EC7800A367F5 /* NSArray+MASAdditions.m in Sources */,
				0EEEE2D01C05EC7800A367F5 /* MASViewConstraint.m in Sources */,
				0EEEE2EA1C05EC7800A367F5 /* UITableView+FDTemplateLayoutCell.m in Sources */,
				0EEEE2C91C05EC7800A367F5 /* AFURLSessionManager.m in Sources */,
				0EEEE2B21C05EC7800A367F5 /* NSString+Helper.m in Sources */,
				0EEEE2BA1C05EC7800A367F5 /* PBDataStorage.m in Sources */,
				0EEEE2D91C05EC7800A367F5 /* SDWebImageCompat.m in Sources */,
				0EEEE2E11C05EC7800A367F5 /* UIImage+MultiFormat.m in Sources */,
				0EEEE2C61C05EC7800A367F5 /* AFURLConnectionOperation.m in Sources */,
				0EEEE2C81C05EC7800A367F5 /* AFURLResponseSerialization.m in Sources */,
				0EEEE2E21C05EC7800A367F5 /* UIImage+WebP.m in Sources */,
				0EEEE2DD1C05EC7800A367F5 /* SDWebImageManager.m in Sources */,
				0EEEE2D81C05EC7800A367F5 /* SDImageCache.m in Sources */,
				0EEEE2D41C05EC7800A367F5 /* ViewController+MASAdditions.m in Sources */,
				0EEEE2DE1C05EC7800A367F5 /* SDWebImagePrefetcher.m in Sources */,
				0EEEE2B41C05EC7800A367F5 /* FMDatabase.m in Sources */,
				0EEEE2C71C05EC7800A367F5 /* AFURLRequestSerialization.m in Sources */,
				0EEEE2D61C05EC7800A367F5 /* MKAnnotationView+WebCache.m in Sources */,
				0EEEE2BC1C05EC7800A367F5 /* PTLock.m in Sources */,
				0EEEE2D51C05EC7800A367F5 /* GCDMulticastDelegate.m in Sources */,
				0EEEE2B61C05EC7800A367F5 /* FMDatabasePool.m in Sources */,
				0EEEE2DA1C05EC7800A367F5 /* SDWebImageDecoder.m in Sources */,
				0EEEE2D21C05EC7800A367F5 /* NSLayoutConstraint+MASDebugAdditions.m in Sources */,
				0EEEE2E31C05EC7800A367F5 /* UIImageView+HighlightedWebCache.m in Sources */,
				0EEEE2CE1C05EC7800A367F5 /* MASLayoutConstraint.m in Sources */,
				0EEEE2B81C05EC7800A367F5 /* FMResultSet.m in Sources */,
				0EEEE2DF1C05EC7800A367F5 /* UIButton+WebCache.m in Sources */,
				0EEEE2C01C05EC7800A367F5 /* PTTableViewController.m in Sources */,
				0EEEE2E41C05EC7800A367F5 /* UIImageView+WebCache.m in Sources */,
				0EEEE2CC1C05EC7800A367F5 /* MASConstraint.m in Sources */,
				0EEEE2DB1C05EC7800A367F5 /* SDWebImageDownloader.m in Sources */,
				0EEEE2F71C05F04600A367F5 /* MBProgressHUD.m in Sources */,
				0EEEE2B31C05EC7800A367F5 /* UIImage+Helper.m in Sources */,
				0EEEE2CA1C05EC7800A367F5 /* SSKeychain.m in Sources */,
				0EEEE2CB1C05EC7800A367F5 /* MASCompositeConstraint.m in Sources */,
				0EEEE2C21C05EC7800A367F5 /* AFHTTPRequestOperationManager.m in Sources */,
				0EEEE2E71C05EC7800A367F5 /* UIScrollView+SVPullToRefresh.m in Sources */,
				0EEEE2CF1C05EC7800A367F5 /* MASViewAttribute.m in Sources */,
				0EEEE2C51C05EC7800A367F5 /* AFSecurityPolicy.m in Sources */,
				0EEEE2B51C05EC7800A367F5 /* FMDatabaseAdditions.m in Sources */,
			);
			runOnlyForDeploymentPostprocessing = 0;
		};
		0E5E255619B5586C00C9D243 /* Sources */ = {
			isa = PBXSourcesBuildPhase;
			buildActionMask = 2147483647;
			files = (
				0E5E258719B55BA000C9D243 /* GlobalConfigTest.m in Sources */,
				0E5E256A19B5586C00C9D243 /* PubToolsTests.m in Sources */,
			);
			runOnlyForDeploymentPostprocessing = 0;
		};
/* End PBXSourcesBuildPhase section */

/* Begin PBXTargetDependency section */
		0E5E256119B5586C00C9D243 /* PBXTargetDependency */ = {
			isa = PBXTargetDependency;
			target = 0E5E254919B5586C00C9D243 /* PubTools */;
			targetProxy = 0E5E256019B5586C00C9D243 /* PBXContainerItemProxy */;
		};
/* End PBXTargetDependency section */

/* Begin PBXVariantGroup section */
		0E5E256619B5586C00C9D243 /* InfoPlist.strings */ = {
			isa = PBXVariantGroup;
			children = (
				0E5E256719B5586C00C9D243 /* en */,
			);
			name = InfoPlist.strings;
			sourceTree = "<group>";
		};
/* End PBXVariantGroup section */

/* Begin XCBuildConfiguration section */
		0E5E256B19B5586C00C9D243 /* Debug */ = {
			isa = XCBuildConfiguration;
			buildSettings = {
				ALWAYS_SEARCH_USER_PATHS = NO;
				CLANG_CXX_LANGUAGE_STANDARD = "gnu++0x";
				CLANG_CXX_LIBRARY = "libc++";
				CLANG_ENABLE_MODULES = YES;
				CLANG_ENABLE_OBJC_ARC = YES;
				CLANG_WARN_BOOL_CONVERSION = YES;
				CLANG_WARN_CONSTANT_CONVERSION = YES;
				CLANG_WARN_DIRECT_OBJC_ISA_USAGE = YES_ERROR;
				CLANG_WARN_EMPTY_BODY = YES;
				CLANG_WARN_ENUM_CONVERSION = YES;
				CLANG_WARN_INT_CONVERSION = YES;
				CLANG_WARN_OBJC_ROOT_CLASS = YES_ERROR;
				CLANG_WARN__DUPLICATE_METHOD_MATCH = YES;
				COPY_PHASE_STRIP = NO;
				GCC_C_LANGUAGE_STANDARD = gnu99;
				GCC_DYNAMIC_NO_PIC = NO;
				GCC_OPTIMIZATION_LEVEL = 0;
				GCC_PREPROCESSOR_DEFINITIONS = (
					"DEBUG=1",
					"$(inherited)",
				);
				GCC_SYMBOLS_PRIVATE_EXTERN = NO;
				GCC_WARN_64_TO_32_BIT_CONVERSION = YES;
				GCC_WARN_ABOUT_RETURN_TYPE = YES_ERROR;
				GCC_WARN_UNDECLARED_SELECTOR = YES;
				GCC_WARN_UNINITIALIZED_AUTOS = YES_AGGRESSIVE;
				GCC_WARN_UNUSED_FUNCTION = YES;
				GCC_WARN_UNUSED_VARIABLE = YES;
				IPHONEOS_DEPLOYMENT_TARGET = 7.1;
				ONLY_ACTIVE_ARCH = YES;
				SDKROOT = iphoneos;
			};
			name = Debug;
		};
		0E5E256C19B5586C00C9D243 /* Release */ = {
			isa = XCBuildConfiguration;
			buildSettings = {
				ALWAYS_SEARCH_USER_PATHS = NO;
				CLANG_CXX_LANGUAGE_STANDARD = "gnu++0x";
				CLANG_CXX_LIBRARY = "libc++";
				CLANG_ENABLE_MODULES = YES;
				CLANG_ENABLE_OBJC_ARC = YES;
				CLANG_WARN_BOOL_CONVERSION = YES;
				CLANG_WARN_CONSTANT_CONVERSION = YES;
				CLANG_WARN_DIRECT_OBJC_ISA_USAGE = YES_ERROR;
				CLANG_WARN_EMPTY_BODY = YES;
				CLANG_WARN_ENUM_CONVERSION = YES;
				CLANG_WARN_INT_CONVERSION = YES;
				CLANG_WARN_OBJC_ROOT_CLASS = YES_ERROR;
				CLANG_WARN__DUPLICATE_METHOD_MATCH = YES;
				COPY_PHASE_STRIP = YES;
				ENABLE_NS_ASSERTIONS = NO;
				GCC_C_LANGUAGE_STANDARD = gnu99;
				GCC_WARN_64_TO_32_BIT_CONVERSION = YES;
				GCC_WARN_ABOUT_RETURN_TYPE = YES_ERROR;
				GCC_WARN_UNDECLARED_SELECTOR = YES;
				GCC_WARN_UNINITIALIZED_AUTOS = YES_AGGRESSIVE;
				GCC_WARN_UNUSED_FUNCTION = YES;
				GCC_WARN_UNUSED_VARIABLE = YES;
				IPHONEOS_DEPLOYMENT_TARGET = 7.1;
				SDKROOT = iphoneos;
				VALIDATE_PRODUCT = YES;
			};
			name = Release;
		};
		0E5E256E19B5586C00C9D243 /* Debug */ = {
			isa = XCBuildConfiguration;
			buildSettings = {
				DSTROOT = /tmp/PubTools.dst;
				GCC_PRECOMPILE_PREFIX_HEADER = YES;
				GCC_PREFIX_HEADER = "PubTools/PubTools-Prefix.pch";
				OTHER_LDFLAGS = "-ObjC";
				PRODUCT_NAME = "$(TARGET_NAME)";
				SKIP_INSTALL = YES;
			};
			name = Debug;
		};
		0E5E256F19B5586C00C9D243 /* Release */ = {
			isa = XCBuildConfiguration;
			buildSettings = {
				DSTROOT = /tmp/PubTools.dst;
				GCC_PRECOMPILE_PREFIX_HEADER = YES;
				GCC_PREFIX_HEADER = "PubTools/PubTools-Prefix.pch";
				OTHER_LDFLAGS = "-ObjC";
				PRODUCT_NAME = "$(TARGET_NAME)";
				SKIP_INSTALL = YES;
			};
			name = Release;
		};
		0E5E257119B5586C00C9D243 /* Debug */ = {
			isa = XCBuildConfiguration;
			buildSettings = {
				FRAMEWORK_SEARCH_PATHS = (
					"$(SDKROOT)/Developer/Library/Frameworks",
					"$(inherited)",
					"$(DEVELOPER_FRAMEWORKS_DIR)",
				);
				GCC_PRECOMPILE_PREFIX_HEADER = YES;
				GCC_PREFIX_HEADER = "PubTools/PubTools-Prefix.pch";
				GCC_PREPROCESSOR_DEFINITIONS = (
					"DEBUG=1",
					"$(inherited)",
				);
				INFOPLIST_FILE = "PubToolsTests/PubToolsTests-Info.plist";
				PRODUCT_NAME = "$(TARGET_NAME)";
				WRAPPER_EXTENSION = xctest;
			};
			name = Debug;
		};
		0E5E257219B5586C00C9D243 /* Release */ = {
			isa = XCBuildConfiguration;
			buildSettings = {
				FRAMEWORK_SEARCH_PATHS = (
					"$(SDKROOT)/Developer/Library/Frameworks",
					"$(inherited)",
					"$(DEVELOPER_FRAMEWORKS_DIR)",
				);
				GCC_PRECOMPILE_PREFIX_HEADER = YES;
				GCC_PREFIX_HEADER = "PubTools/PubTools-Prefix.pch";
				INFOPLIST_FILE = "PubToolsTests/PubToolsTests-Info.plist";
				PRODUCT_NAME = "$(TARGET_NAME)";
				WRAPPER_EXTENSION = xctest;
			};
			name = Release;
		};
/* End XCBuildConfiguration section */

/* Begin XCConfigurationList section */
		0E5E254519B5586C00C9D243 /* Build configuration list for PBXProject "PubTools" */ = {
			isa = XCConfigurationList;
			buildConfigurations = (
				0E5E256B19B5586C00C9D243 /* Debug */,
				0E5E256C19B5586C00C9D243 /* Release */,
			);
			defaultConfigurationIsVisible = 0;
			defaultConfigurationName = Release;
		};
		0E5E256D19B5586C00C9D243 /* Build configuration list for PBXNativeTarget "PubTools" */ = {
			isa = XCConfigurationList;
			buildConfigurations = (
				0E5E256E19B5586C00C9D243 /* Debug */,
				0E5E256F19B5586C00C9D243 /* Release */,
			);
			defaultConfigurationIsVisible = 0;
			defaultConfigurationName = Release;
		};
		0E5E257019B5586C00C9D243 /* Build configuration list for PBXNativeTarget "PubToolsTests" */ = {
			isa = XCConfigurationList;
			buildConfigurations = (
				0E5E257119B5586C00C9D243 /* Debug */,
				0E5E257219B5586C00C9D243 /* Release */,
			);
			defaultConfigurationIsVisible = 0;
			defaultConfigurationName = Release;
		};
/* End XCConfigurationList section */
	};
	rootObject = 0E5E254219B5586C00C9D243 /* Project object */;
}
